
Microsoft Visual Studio Solution File, Format Version 12.00
# Visual Studio 15
VisualStudioVersion = 15.0.27004.2008
MinimumVisualStudioVersion = 10.0.40219.1
Project("{FAE04EC0-301F-11D3-BF4B-00C04F79EFBC}") = "ODataSampleServer", "ODataSampleServer\ODataSampleServer.csproj", "{CA574C93-6A96-4BAD-A50B-9E49883837F5}"
EndProject
Global
	GlobalSection(SolutionConfigurationPlatforms) = preSolution
		Debug|Any CPU = Debug|Any CPU
		Release|Any CPU = Release|Any CPU
	EndGlobalSection
	GlobalSection(ProjectConfigurationPlatforms) = postSolution
		{CA574C93-6A96-4BAD-A50B-9E49883837F5}.Debug|Any CPU.ActiveCfg = Debug|Any CPU
		{CA574C93-6A96-4BAD-A50B-9E49883837F5}.Debug|Any CPU.Build.0 = Debug|Any CPU
		{CA574C93-6A96-4BAD-A50B-9E49883837F5}.Release|Any CPU.ActiveCfg = Release|Any CPU
		{CA574C93-6A96-4BAD-A50B-9E49883837F5}.Release|Any CPU.Build.0 = Release|Any CPU
	EndGlobalSection
	GlobalSection(SolutionProperties) = preSolution
		HideSolutionNode = FALSE
	EndGlobalSection
	GlobalSection(ExtensibilityGlobals) = postSolution
		SolutionGuid = {A1F01162-9D3A-4107-AA98-51B13C33CA40}
	EndGlobalSection
EndGlobal
